
Microsoft Visual Studio Solution File, Format Version 12.00
# Visual Studio Version 16
VisualStudioVersion = 16.0.31702.278
MinimumVisualStudioVersion = 10.0.40219.1
Project("{FAE04EC0-301F-11D3-BF4B-00C04F79EFBC}") = "ConsoleApp23", "ConsoleApp23\ConsoleApp23.csproj", "{7277A3A7-8D11-467F-89BA-037D5C21FDC8}"
EndProject
Global
	GlobalSection(SolutionConfigurationPlatforms) = preSolution
		Debug|Any CPU = Debug|Any CPU
		Release|Any CPU = Release|Any CPU
	EndGlobalSection
	GlobalSection(ProjectConfigurationPlatforms) = postSolution
		{7277A3A7-8D11-467F-89BA-037D5C21FDC8}.Debug|Any CPU.ActiveCfg = Debug|Any CPU
		{7277A3A7-8D11-467F-89BA-037D5C21FDC8}.Debug|Any CPU.Build.0 = Debug|Any CPU
		{7277A3A7-8D11-467F-89BA-037D5C21FDC8}.Release|Any CPU.ActiveCfg = Release|Any CPU
		{7277A3A7-8D11-467F-89BA-037D5C21FDC8}.Release|Any CPU.Build.0 = Release|Any CPU
	EndGlobalSection
	GlobalSection(SolutionProperties) = preSolution
		HideSolutionNode = FALSE
	EndGlobalSection
	GlobalSection(ExtensibilityGlobals) = postSolution
		SolutionGuid = {7F4D8822-CDF4-4D2C-B431-7E8D9146C3D4}
	EndGlobalSection
EndGlobal
